
Microsoft Visual Studio Solution File, Format Version 12.00
# Visual Studio Version 17
VisualStudioVersion = 17.0.31903.59
MinimumVisualStudioVersion = 10.0.40219.1
Project("{9A19103F-16F7-4668-BE54-9A1E7A4F7556}") = "BubaEats.Domain", "BubaEats.Domain\BubaEats.Domain.csproj", "{9933BB25-C3FB-4F55-93DF-E45A54363E77}"
EndProject
Project("{9A19103F-16F7-4668-BE54-9A1E7A4F7556}") = "BubaEats.Application", "BubaEats.Application\BubaEats.Application.csproj", "{D86B1067-B749-4466-B8E0-7D67D49DD47F}"
EndProject
Project("{9A19103F-16F7-4668-BE54-9A1E7A4F7556}") = "BubaEats.Contracts", "BubaEats.Contracts\BubaEats.Contracts.csproj", "{6427843E-F8DB-44D4-A6E0-DB7932509F67}"
EndProject
Project("{9A19103F-16F7-4668-BE54-9A1E7A4F7556}") = "BubaEats.Infrastructure", "BubaEats.Infrastructure\BubaEats.Infrastructure.csproj", "{D188620C-AD03-4F7D-95C4-8897D4BF677B}"
EndProject
Project("{FAE04EC0-301F-11D3-BF4B-00C04F79EFBC}") = "BubaEats.Api", "BubaEats.Api\BubaEats.Api.csproj", "{32A44B62-7138-4AFC-8C78-69AF3FEF6606}"
EndProject
Project("{2150E333-8FDC-42A3-9474-1A3956D46DE8}") = "Requests", "Requests", "{79758D20-F4F8-4ED4-975B-81DA55A8EC76}"
EndProject
Project("{2150E333-8FDC-42A3-9474-1A3956D46DE8}") = "Weather", "Weather", "{53A78C3B-967F-41F7-966D-503A69E58142}"
	ProjectSection(SolutionItems) = preProject
		GetForecast.http = GetForecast.http
	EndProjectSection
EndProject
Project("{2150E333-8FDC-42A3-9474-1A3956D46DE8}") = "Docs", "Docs", "{0C465CC6-32CC-45E5-B35F-C590EDFA3E46}"
	ProjectSection(SolutionItems) = preProject
		Api.md = Api.md
	EndProjectSection
EndProject
Global
	GlobalSection(SolutionConfigurationPlatforms) = preSolution
		Debug|Any CPU = Debug|Any CPU
		Release|Any CPU = Release|Any CPU
	EndGlobalSection
	GlobalSection(ProjectConfigurationPlatforms) = postSolution
		{9933BB25-C3FB-4F55-93DF-E45A54363E77}.Debug|Any CPU.ActiveCfg = Debug|Any CPU
		{9933BB25-C3FB-4F55-93DF-E45A54363E77}.Debug|Any CPU.Build.0 = Debug|Any CPU
		{9933BB25-C3FB-4F55-93DF-E45A54363E77}.Release|Any CPU.ActiveCfg = Release|Any CPU
		{9933BB25-C3FB-4F55-93DF-E45A54363E77}.Release|Any CPU.Build.0 = Release|Any CPU
		{D86B1067-B749-4466-B8E0-7D67D49DD47F}.Debug|Any CPU.ActiveCfg = Debug|Any CPU
		{D86B1067-B749-4466-B8E0-7D67D49DD47F}.Debug|Any CPU.Build.0 = Debug|Any CPU
		{D86B1067-B749-4466-B8E0-7D67D49DD47F}.Release|Any CPU.ActiveCfg = Release|Any CPU
		{D86B1067-B749-4466-B8E0-7D67D49DD47F}.Release|Any CPU.Build.0 = Release|Any CPU
		{6427843E-F8DB-44D4-A6E0-DB7932509F67}.Debug|Any CPU.ActiveCfg = Debug|Any CPU
		{6427843E-F8DB-44D4-A6E0-DB7932509F67}.Debug|Any CPU.Build.0 = Debug|Any CPU
		{6427843E-F8DB-44D4-A6E0-DB7932509F67}.Release|Any CPU.ActiveCfg = Release|Any CPU
		{6427843E-F8DB-44D4-A6E0-DB7932509F67}.Release|Any CPU.Build.0 = Release|Any CPU
		{D188620C-AD03-4F7D-95C4-8897D4BF677B}.Debug|Any CPU.ActiveCfg = Debug|Any CPU
		{D188620C-AD03-4F7D-95C4-8897D4BF677B}.Debug|Any CPU.Build.0 = Debug|Any CPU
		{D188620C-AD03-4F7D-95C4-8897D4BF677B}.Release|Any CPU.ActiveCfg = Release|Any CPU
		{D188620C-AD03-4F7D-95C4-8897D4BF677B}.Release|Any CPU.Build.0 = Release|Any CPU
		{32A44B62-7138-4AFC-8C78-69AF3FEF6606}.Debug|Any CPU.ActiveCfg = Debug|Any CPU
		{32A44B62-7138-4AFC-8C78-69AF3FEF6606}.Debug|Any CPU.Build.0 = Debug|Any CPU
		{32A44B62-7138-4AFC-8C78-69AF3FEF6606}.Release|Any CPU.ActiveCfg = Release|Any CPU
		{32A44B62-7138-4AFC-8C78-69AF3FEF6606}.Release|Any CPU.Build.0 = Release|Any CPU
	EndGlobalSection
	GlobalSection(SolutionProperties) = preSolution
		HideSolutionNode = FALSE
	EndGlobalSection
	GlobalSection(NestedProjects) = preSolution
		{53A78C3B-967F-41F7-966D-503A69E58142} = {79758D20-F4F8-4ED4-975B-81DA55A8EC76}
	EndGlobalSection
	GlobalSection(ExtensibilityGlobals) = postSolution
		SolutionGuid = {CB6CFB05-6316-4262-B87E-1750A90213F1}
	EndGlobalSection
EndGlobal
